
Microsoft Visual Studio Solution File, Format Version 12.00
# Visual Studio Version 17
VisualStudioVersion = 17.14.36623.8 d17.14
MinimumVisualStudioVersion = 10.0.40219.1
Project("{FAE04EC0-301F-11D3-BF4B-00C04F79EFBC}") = "C# Day 2 Assignment", "C# Day 2 Assignment\C# Day 2 Assignment.csproj", "{C90A733B-E13A-4365-98FB-97497D1B7BE3}"
EndProject
Global
	GlobalSection(SolutionConfigurationPlatforms) = preSolution
		Debug|Any CPU = Debug|Any CPU
		Release|Any CPU = Release|Any CPU
	EndGlobalSection
	GlobalSection(ProjectConfigurationPlatforms) = postSolution
		{C90A733B-E13A-4365-98FB-97497D1B7BE3}.Debug|Any CPU.ActiveCfg = Debug|Any CPU
		{C90A733B-E13A-4365-98FB-97497D1B7BE3}.Debug|Any CPU.Build.0 = Debug|Any CPU
		{C90A733B-E13A-4365-98FB-97497D1B7BE3}.Release|Any CPU.ActiveCfg = Release|Any CPU
		{C90A733B-E13A-4365-98FB-97497D1B7BE3}.Release|Any CPU.Build.0 = Release|Any CPU
	EndGlobalSection
	GlobalSection(SolutionProperties) = preSolution
		HideSolutionNode = FALSE
	EndGlobalSection
	GlobalSection(ExtensibilityGlobals) = postSolution
		SolutionGuid = {6B693AA9-232F-4DA0-9F9B-F180898A2E47}
	EndGlobalSection
EndGlobal
